
Microsoft Visual Studio Solution File, Format Version 11.00
# Visual Studio 2010
Project("{FAE04EC0-301F-11D3-BF4B-00C04F79EFBC}") = "iDeviceBrowser", "iDeviceBrowser\iDeviceBrowser.csproj", "{9A97286C-55D1-4F5F-A3AE-B4B8625A027E}"
EndProject
Project("{FAE04EC0-301F-11D3-BF4B-00C04F79EFBC}") = "Manzana", "Manzana\Manzana.csproj", "{8C260F85-65AC-40A6-85BF-D89C49052F64}"
EndProject
Global
	GlobalSection(SolutionConfigurationPlatforms) = preSolution
		Debug|Any CPU = Debug|Any CPU
		Debug|x86 = Debug|x86
		Release|Any CPU = Release|Any CPU
		Release|x86 = Release|x86
	EndGlobalSection
	GlobalSection(ProjectConfigurationPlatforms) = postSolution
		{9A97286C-55D1-4F5F-A3AE-B4B8625A027E}.Debug|Any CPU.ActiveCfg = Debug|x86
		{9A97286C-55D1-4F5F-A3AE-B4B8625A027E}.Debug|x86.ActiveCfg = Debug|x86
		{9A97286C-55D1-4F5F-A3AE-B4B8625A027E}.Debug|x86.Build.0 = Debug|x86
		{9A97286C-55D1-4F5F-A3AE-B4B8625A027E}.Release|Any CPU.ActiveCfg = Release|x86
		{9A97286C-55D1-4F5F-A3AE-B4B8625A027E}.Release|x86.ActiveCfg = Release|x86
		{9A97286C-55D1-4F5F-A3AE-B4B8625A027E}.Release|x86.Build.0 = Release|x86
		{8C260F85-65AC-40A6-85BF-D89C49052F64}.Debug|Any CPU.ActiveCfg = Debug|Any CPU
		{8C260F85-65AC-40A6-85BF-D89C49052F64}.Debug|Any CPU.Build.0 = Debug|Any CPU
		{8C260F85-65AC-40A6-85BF-D89C49052F64}.Debug|x86.ActiveCfg = Debug|x86
		{8C260F85-65AC-40A6-85BF-D89C49052F64}.Debug|x86.Build.0 = Debug|x86
		{8C260F85-65AC-40A6-85BF-D89C49052F64}.Release|Any CPU.ActiveCfg = Release|Any CPU
		{8C260F85-65AC-40A6-85BF-D89C49052F64}.Release|Any CPU.Build.0 = Release|Any CPU
		{8C260F85-65AC-40A6-85BF-D89C49052F64}.Release|x86.ActiveCfg = Release|x86
		{8C260F85-65AC-40A6-85BF-D89C49052F64}.Release|x86.Build.0 = Release|x86
	EndGlobalSection
	GlobalSection(SolutionProperties) = preSolution
		HideSolutionNode = FALSE
	EndGlobalSection
EndGlobal
